github.com/google/uuid v1.6.0 h1:NIvaJDMOsjHA8n1jAhLSgzrAzy1Hgr+hNrb57e+94F0=
github.com/google/uuid v1.6.0/go.mod h1:TIyPZe4MgqvfeYDBFedMoGGpEw/LqOeaOT+nhxU+yHo=
github.com/leulshawell/go-cluster/go-cluster v0.0.0-20250506124230-99dd5ee7c4eb h1:aThdizcuzIuSpZv6GPb1ROVzQlr0n5F6FV9RMBYyfLc=
github.com/leulshawell/go-cluster/go-cluster v0.0.0-20250506124230-99dd5ee7c4eb/go.mod h1:XPYg80IA0lWBuxIaUDaXXrkU4sLt9Pl9RnnWvOUg3NM=
